
Microsoft Visual Studio Solution File, Format Version 12.00
# Visual Studio Version 17
VisualStudioVersion = 17.14.36414.22 d17.14
MinimumVisualStudioVersion = 10.0.40219.1
Project("{FAE04EC0-301F-11D3-BF4B-00C04F79EFBC}") = "TaskMates", "TaskMates\TaskMates.csproj", "{79F6B1CA-CBCF-49CF-8AB6-8FA770656510}"
EndProject
Global
	GlobalSection(SolutionConfigurationPlatforms) = preSolution
		Debug|Any CPU = Debug|Any CPU
		Release|Any CPU = Release|Any CPU
	EndGlobalSection
	GlobalSection(ProjectConfigurationPlatforms) = postSolution
		{79F6B1CA-CBCF-49CF-8AB6-8FA770656510}.Debug|Any CPU.ActiveCfg = Debug|Any CPU
		{79F6B1CA-CBCF-49CF-8AB6-8FA770656510}.Debug|Any CPU.Build.0 = Debug|Any CPU
		{79F6B1CA-CBCF-49CF-8AB6-8FA770656510}.Release|Any CPU.ActiveCfg = Release|Any CPU
		{79F6B1CA-CBCF-49CF-8AB6-8FA770656510}.Release|Any CPU.Build.0 = Release|Any CPU
	EndGlobalSection
	GlobalSection(SolutionProperties) = preSolution
		HideSolutionNode = FALSE
	EndGlobalSection
	GlobalSection(ExtensibilityGlobals) = postSolution
		SolutionGuid = {FEBA329A-F7B7-4206-8B24-69B91BA2BD2B}
	EndGlobalSection
EndGlobal
